
Microsoft Visual Studio Solution File, Format Version 12.00
# Visual Studio Version 17
VisualStudioVersion = 17.6.33829.357
MinimumVisualStudioVersion = 10.0.40219.1
Project("{FAE04EC0-301F-11D3-BF4B-00C04F79EFBC}") = "ADO.NET_Crud", "ADO.NET_Crud.csproj", "{095F4B9A-1471-4A85-B057-9A3664B7E65A}"
EndProject
Global
	GlobalSection(SolutionConfigurationPlatforms) = preSolution
		Debug|Any CPU = Debug|Any CPU
		Release|Any CPU = Release|Any CPU
	EndGlobalSection
	GlobalSection(ProjectConfigurationPlatforms) = postSolution
		{095F4B9A-1471-4A85-B057-9A3664B7E65A}.Debug|Any CPU.ActiveCfg = Debug|Any CPU
		{095F4B9A-1471-4A85-B057-9A3664B7E65A}.Debug|Any CPU.Build.0 = Debug|Any CPU
		{095F4B9A-1471-4A85-B057-9A3664B7E65A}.Release|Any CPU.ActiveCfg = Release|Any CPU
		{095F4B9A-1471-4A85-B057-9A3664B7E65A}.Release|Any CPU.Build.0 = Release|Any CPU
	EndGlobalSection
	GlobalSection(SolutionProperties) = preSolution
		HideSolutionNode = FALSE
	EndGlobalSection
	GlobalSection(ExtensibilityGlobals) = postSolution
		SolutionGuid = {56D1AFD8-3536-424C-8761-D5599D8B8427}
	EndGlobalSection
EndGlobal
